
Microsoft Visual Studio Solution File, Format Version 12.00
# Visual Studio Version 16
VisualStudioVersion = 16.0.33130.400
MinimumVisualStudioVersion = 10.0.40219.1
Project("{FAE04EC0-301F-11D3-BF4B-00C04F79EFBC}") = "Typing-Game", "Typing-Game.csproj", "{404FA629-2EFF-4915-97F2-5B12763EC3BD}"
EndProject
Global
	GlobalSection(SolutionConfigurationPlatforms) = preSolution
		Debug|Any CPU = Debug|Any CPU
		Release|Any CPU = Release|Any CPU
	EndGlobalSection
	GlobalSection(ProjectConfigurationPlatforms) = postSolution
		{404FA629-2EFF-4915-97F2-5B12763EC3BD}.Debug|Any CPU.ActiveCfg = Debug|Any CPU
		{404FA629-2EFF-4915-97F2-5B12763EC3BD}.Debug|Any CPU.Build.0 = Debug|Any CPU
		{404FA629-2EFF-4915-97F2-5B12763EC3BD}.Release|Any CPU.ActiveCfg = Release|Any CPU
		{404FA629-2EFF-4915-97F2-5B12763EC3BD}.Release|Any CPU.Build.0 = Release|Any CPU
	EndGlobalSection
	GlobalSection(SolutionProperties) = preSolution
		HideSolutionNode = FALSE
	EndGlobalSection
	GlobalSection(ExtensibilityGlobals) = postSolution
		SolutionGuid = {98A4746C-6BD2-436C-88BD-65ADDC32CA5C}
	EndGlobalSection
EndGlobal
